
Microsoft Visual Studio Solution File, Format Version 12.00
# Visual Studio Version 17
VisualStudioVersion = 17.14.37203.1 d17.14
MinimumVisualStudioVersion = 10.0.40219.1
Project("{FAE04EC0-301F-11D3-BF4B-00C04F79EFBC}") = "ProiectTPBD", "ProiectTPBD\ProiectTPBD.csproj", "{B4C970BB-DA20-4959-B955-A28BF8094B00}"
EndProject
Global
	GlobalSection(SolutionConfigurationPlatforms) = preSolution
		Debug|Any CPU = Debug|Any CPU
		Release|Any CPU = Release|Any CPU
	EndGlobalSection
	GlobalSection(ProjectConfigurationPlatforms) = postSolution
		{B4C970BB-DA20-4959-B955-A28BF8094B00}.Debug|Any CPU.ActiveCfg = Debug|Any CPU
		{B4C970BB-DA20-4959-B955-A28BF8094B00}.Debug|Any CPU.Build.0 = Debug|Any CPU
		{B4C970BB-DA20-4959-B955-A28BF8094B00}.Release|Any CPU.ActiveCfg = Release|Any CPU
		{B4C970BB-DA20-4959-B955-A28BF8094B00}.Release|Any CPU.Build.0 = Release|Any CPU
	EndGlobalSection
	GlobalSection(SolutionProperties) = preSolution
		HideSolutionNode = FALSE
	EndGlobalSection
	GlobalSection(ExtensibilityGlobals) = postSolution
		SolutionGuid = {3BE40131-74BB-40E5-A373-099BC403AD46}
	EndGlobalSection
EndGlobal
